// !$*UTF8*$!
{
	archiveVersion = 1;
	classes = {
	};
	objectVersion = 55;
	objects = {

/* Begin PBXBuildFile section */
		F916F27827E4D94D00B220C3 /* MovieDetailViewTest.swift in Sources */ = {isa = PBXBuildFile; fileRef = F916F27727E4D94D00B220C3 /* MovieDetailViewTest.swift */; };
		F916F27A27E5316A00B220C3 /* MovieSearchState.swift in Sources */ = {isa = PBXBuildFile; fileRef = F916F27927E5316A00B220C3 /* MovieSearchState.swift */; };
		F916F27C27E531E200B220C3 /* SearchBar.swift in Sources */ = {isa = PBXBuildFile; fileRef = F916F27B27E531E200B220C3 /* SearchBar.swift */; };
		F916F27E27E532A100B220C3 /* MovieSearchView.swift in Sources */ = {isa = PBXBuildFile; fileRef = F916F27D27E532A100B220C3 /* MovieSearchView.swift */; };
		F92E0A5B27E6401900DD600B /* ProgressBarTest.swift in Sources */ = {isa = PBXBuildFile; fileRef = F92E0A5A27E6401800DD600B /* ProgressBarTest.swift */; };
		F95510CE27E0D46700A47476 /* SwiftUIMovieChallengeApp.swift in Sources */ = {isa = PBXBuildFile; fileRef = F95510CD27E0D46700A47476 /* SwiftUIMovieChallengeApp.swift */; };
		F95510D027E0D46700A47476 /* ContentView.swift in Sources */ = {isa = PBXBuildFile; fileRef = F95510CF27E0D46700A47476 /* ContentView.swift */; };
		F95510D227E0D46800A47476 /* Assets.xcassets in Resources */ = {isa = PBXBuildFile; fileRef = F95510D127E0D46800A47476 /* Assets.xcassets */; };
		F95510D527E0D46800A47476 /* Preview Assets.xcassets in Resources */ = {isa = PBXBuildFile; fileRef = F95510D427E0D46800A47476 /* Preview Assets.xcassets */; };
		F95510DD27E0D69200A47476 /* Movie.swift in Sources */ = {isa = PBXBuildFile; fileRef = F95510DC27E0D69200A47476 /* Movie.swift */; };
		F95510E027E0DCFB00A47476 /* MovieService.swift in Sources */ = {isa = PBXBuildFile; fileRef = F95510DF27E0DCFB00A47476 /* MovieService.swift */; };
		F95510E227E0E23400A47476 /* MovieStore.swift in Sources */ = {isa = PBXBuildFile; fileRef = F95510E127E0E23400A47476 /* MovieStore.swift */; };
		F95510E427E0E5DD00A47476 /* Utils.swift in Sources */ = {isa = PBXBuildFile; fileRef = F95510E327E0E5DD00A47476 /* Utils.swift */; };
		F95510E927E122B700A47476 /* movie_list.json in Resources */ = {isa = PBXBuildFile; fileRef = F95510E627E122B700A47476 /* movie_list.json */; };
		F95510EA27E122B700A47476 /* search_movie.json in Resources */ = {isa = PBXBuildFile; fileRef = F95510E727E122B700A47476 /* search_movie.json */; };
		F95510EB27E122B700A47476 /* movie_info.json in Resources */ = {isa = PBXBuildFile; fileRef = F95510E827E122B700A47476 /* movie_info.json */; };
		F95510ED27E1230600A47476 /* Movie+Stub.swift in Sources */ = {isa = PBXBuildFile; fileRef = F95510EC27E1230600A47476 /* Movie+Stub.swift */; };
		F95510F027E12D5000A47476 /* MovieCards.swift in Sources */ = {isa = PBXBuildFile; fileRef = F95510EF27E12D5000A47476 /* MovieCards.swift */; };
		F95510F327E12E7C00A47476 /* ImageLoader.swift in Sources */ = {isa = PBXBuildFile; fileRef = F95510F227E12E7C00A47476 /* ImageLoader.swift */; };
		F958ECB227E3937100211074 /* MovieListView.swift in Sources */ = {isa = PBXBuildFile; fileRef = F958ECB127E3937100211074 /* MovieListView.swift */; };
		F958ECB427E393A700211074 /* MovieListState.swift in Sources */ = {isa = PBXBuildFile; fileRef = F958ECB327E393A700211074 /* MovieListState.swift */; };
		F958ECB727E399A800211074 /* ActivityIndicatorView.swift in Sources */ = {isa = PBXBuildFile; fileRef = F958ECB627E399A800211074 /* ActivityIndicatorView.swift */; };
		F958ECB927E39A2F00211074 /* LoadingView.swift in Sources */ = {isa = PBXBuildFile; fileRef = F958ECB827E39A2F00211074 /* LoadingView.swift */; };
		F958ECC127E3A19C00211074 /* MovieDetailState.swift in Sources */ = {isa = PBXBuildFile; fileRef = F958ECC027E3A19C00211074 /* MovieDetailState.swift */; };
		F982F09827E233EC0039CEA4 /* MoviePosterCard.swift in Sources */ = {isa = PBXBuildFile; fileRef = F982F09727E233EC0039CEA4 /* MoviePosterCard.swift */; };
		F982F09A27E23FBD0039CEA4 /* MoviePosterCarouselView.swift in Sources */ = {isa = PBXBuildFile; fileRef = F982F09927E23FBD0039CEA4 /* MoviePosterCarouselView.swift */; };
/* End PBXBuildFile section */

/* Begin PBXFileReference section */
		F916F27727E4D94D00B220C3 /* MovieDetailViewTest.swift */ = {isa = PBXFileReference; lastKnownFileType = sourcecode.swift; path = MovieDetailViewTest.swift; sourceTree = "<group>"; };
		F916F27927E5316A00B220C3 /* MovieSearchState.swift */ = {isa = PBXFileReference; lastKnownFileType = sourcecode.swift; path = MovieSearchState.swift; sourceTree = "<group>"; };
		F916F27B27E531E200B220C3 /* SearchBar.swift */ = {isa = PBXFileReference; lastKnownFileType = sourcecode.swift; path = SearchBar.swift; sourceTree = "<group>"; };
		F916F27D27E532A100B220C3 /* MovieSearchView.swift */ = {isa = PBXFileReference; lastKnownFileType = sourcecode.swift; path = MovieSearchView.swift; sourceTree = "<group>"; };
		F92E0A5A27E6401800DD600B /* ProgressBarTest.swift */ = {isa = PBXFileReference; lastKnownFileType = sourcecode.swift; path = ProgressBarTest.swift; sourceTree = "<group>"; };
		F95510CA27E0D46700A47476 /* SwiftUIMovieChallenge.app */ = {isa = PBXFileReference; explicitFileType = wrapper.application; includeInIndex = 0; path = SwiftUIMovieChallenge.app; sourceTree = BUILT_PRODUCTS_DIR; };
		F95510CD27E0D46700A47476 /* SwiftUIMovieChallengeApp.swift */ = {isa = PBXFileReference; lastKnownFileType = sourcecode.swift; path = SwiftUIMovieChallengeApp.swift; sourceTree = "<group>"; };
		F95510CF27E0D46700A47476 /* ContentView.swift */ = {isa = PBXFileReference; lastKnownFileType = sourcecode.swift; path = ContentView.swift; sourceTree = "<group>"; };
		F95510D127E0D46800A47476 /* Assets.xcassets */ = {isa = PBXFileReference; lastKnownFileType = folder.assetcatalog; path = Assets.xcassets; sourceTree = "<group>"; };
		F95510D427E0D46800A47476 /* Preview Assets.xcassets */ = {isa = PBXFileReference; lastKnownFileType = folder.assetcatalog; path = "Preview Assets.xcassets"; sourceTree = "<group>"; };
		F95510DC27E0D69200A47476 /* Movie.swift */ = {isa = PBXFileReference; lastKnownFileType = sourcecode.swift; path = Movie.swift; sourceTree = "<group>"; };
		F95510DF27E0DCFB00A47476 /* MovieService.swift */ = {isa = PBXFileReference; lastKnownFileType = sourcecode.swift; path = MovieService.swift; sourceTree = "<group>"; };
		F95510E127E0E23400A47476 /* MovieStore.swift */ = {isa = PBXFileReference; lastKnownFileType = sourcecode.swift; path = MovieStore.swift; sourceTree = "<group>"; };
		F95510E327E0E5DD00A47476 /* Utils.swift */ = {isa = PBXFileReference; lastKnownFileType = sourcecode.swift; path = Utils.swift; sourceTree = "<group>"; };
		F95510E627E122B700A47476 /* movie_list.json */ = {isa = PBXFileReference; fileEncoding = 4; lastKnownFileType = text.json; path = movie_list.json; sourceTree = "<group>"; };
		F95510E727E122B700A47476 /* search_movie.json */ = {isa = PBXFileReference; fileEncoding = 4; lastKnownFileType = text.json; path = search_movie.json; sourceTree = "<group>"; };
		F95510E827E122B700A47476 /* movie_info.json */ = {isa = PBXFileReference; fileEncoding = 4; lastKnownFileType = text.json; path = movie_info.json; sourceTree = "<group>"; };
		F95510EC27E1230600A47476 /* Movie+Stub.swift */ = {isa = PBXFileReference; lastKnownFileType = sourcecode.swift; path = "Movie+Stub.swift"; sourceTree = "<group>"; };
		F95510EF27E12D5000A47476 /* MovieCards.swift */ = {isa = PBXFileReference; lastKnownFileType = sourcecode.swift; path = MovieCards.swift; sourceTree = "<group>"; };
		F95510F227E12E7C00A47476 /* ImageLoader.swift */ = {isa = PBXFileReference; lastKnownFileType = sourcecode.swift; path = ImageLoader.swift; sourceTree = "<group>"; };
		F958ECB127E3937100211074 /* MovieListView.swift */ = {isa = PBXFileReference; lastKnownFileType = sourcecode.swift; path = MovieListView.swift; sourceTree = "<group>"; };
		F958ECB327E393A700211074 /* MovieListState.swift */ = {isa = PBXFileReference; lastKnownFileType = sourcecode.swift; path = MovieListState.swift; sourceTree = "<group>"; };
		F958ECB627E399A800211074 /* ActivityIndicatorView.swift */ = {isa = PBXFileReference; lastKnownFileType = sourcecode.swift; path = ActivityIndicatorView.swift; sourceTree = "<group>"; };
		F958ECB827E39A2F00211074 /* LoadingView.swift */ = {isa = PBXFileReference; lastKnownFileType = sourcecode.swift; path = LoadingView.swift; sourceTree = "<group>"; };
		F958ECC027E3A19C00211074 /* MovieDetailState.swift */ = {isa = PBXFileReference; lastKnownFileType = sourcecode.swift; path = MovieDetailState.swift; sourceTree = "<group>"; };
		F982F09727E233EC0039CEA4 /* MoviePosterCard.swift */ = {isa = PBXFileReference; lastKnownFileType = sourcecode.swift; path = MoviePosterCard.swift; sourceTree = "<group>"; };
		F982F09927E23FBD0039CEA4 /* MoviePosterCarouselView.swift */ = {isa = PBXFileReference; lastKnownFileType = sourcecode.swift; path = MoviePosterCarouselView.swift; sourceTree = "<group>"; };
/* End PBXFileReference section */

/* Begin PBXFrameworksBuildPhase section */
		F95510C727E0D46700A47476 /* Frameworks */ = {
			isa = PBXFrameworksBuildPhase;
			buildActionMask = 2147483647;
			files = (
			);
			runOnlyForDeploymentPostprocessing = 0;
		};
/* End PBXFrameworksBuildPhase section */

/* Begin PBXGroup section */
		F95510C127E0D46700A47476 = {
			isa = PBXGroup;
			children = (
				F95510CC27E0D46700A47476 /* SwiftUIMovieChallenge */,
				F95510CB27E0D46700A47476 /* Products */,
			);
			sourceTree = "<group>";
		};
		F95510CB27E0D46700A47476 /* Products */ = {
			isa = PBXGroup;
			children = (
				F95510CA27E0D46700A47476 /* SwiftUIMovieChallenge.app */,
			);
			name = Products;
			sourceTree = "<group>";
		};
		F95510CC27E0D46700A47476 /* SwiftUIMovieChallenge */ = {
			isa = PBXGroup;
			children = (
				F95510F127E12E6E00A47476 /* Bindings */,
				F95510EE27E12D3000A47476 /* Views */,
				F95510E527E1229D00A47476 /* Resources */,
				F95510DE27E0DCE800A47476 /* Services */,
				F95510DB27E0D63700A47476 /* Models */,
				F95510CD27E0D46700A47476 /* SwiftUIMovieChallengeApp.swift */,
				F95510CF27E0D46700A47476 /* ContentView.swift */,
				F95510D127E0D46800A47476 /* Assets.xcassets */,
				F95510D327E0D46800A47476 /* Preview Content */,
				F95510E327E0E5DD00A47476 /* Utils.swift */,
			);
			path = SwiftUIMovieChallenge;
			sourceTree = "<group>";
		};
		F95510D327E0D46800A47476 /* Preview Content */ = {
			isa = PBXGroup;
			children = (
				F95510D427E0D46800A47476 /* Preview Assets.xcassets */,
			);
			path = "Preview Content";
			sourceTree = "<group>";
		};
		F95510DB27E0D63700A47476 /* Models */ = {
			isa = PBXGroup;
			children = (
				F95510DC27E0D69200A47476 /* Movie.swift */,
				F95510EC27E1230600A47476 /* Movie+Stub.swift */,
			);
			path = Models;
			sourceTree = "<group>";
		};
		F95510DE27E0DCE800A47476 /* Services */ = {
			isa = PBXGroup;
			children = (
				F95510DF27E0DCFB00A47476 /* MovieService.swift */,
				F95510E127E0E23400A47476 /* MovieStore.swift */,
			);
			path = Services;
			sourceTree = "<group>";
		};
		F95510E527E1229D00A47476 /* Resources */ = {
			isa = PBXGroup;
			children = (
				F95510E827E122B700A47476 /* movie_info.json */,
				F95510E627E122B700A47476 /* movie_list.json */,
				F95510E727E122B700A47476 /* search_movie.json */,
			);
			path = Resources;
			sourceTree = "<group>";
		};
		F95510EE27E12D3000A47476 /* Views */ = {
			isa = PBXGroup;
			children = (
				F958ECB527E3997900211074 /* UIKitViews */,
				F95510EF27E12D5000A47476 /* MovieCards.swift */,
				F982F09727E233EC0039CEA4 /* MoviePosterCard.swift */,
				F982F09927E23FBD0039CEA4 /* MoviePosterCarouselView.swift */,
				F958ECB127E3937100211074 /* MovieListView.swift */,
				F958ECB827E39A2F00211074 /* LoadingView.swift */,
				F916F27727E4D94D00B220C3 /* MovieDetailViewTest.swift */,
				F916F27D27E532A100B220C3 /* MovieSearchView.swift */,
				F92E0A5A27E6401800DD600B /* ProgressBarTest.swift */,
			);
			path = Views;
			sourceTree = "<group>";
		};
		F95510F127E12E6E00A47476 /* Bindings */ = {
			isa = PBXGroup;
			children = (
				F95510F227E12E7C00A47476 /* ImageLoader.swift */,
				F958ECB327E393A700211074 /* MovieListState.swift */,
				F958ECC027E3A19C00211074 /* MovieDetailState.swift */,
				F916F27927E5316A00B220C3 /* MovieSearchState.swift */,
			);
			path = Bindings;
			sourceTree = "<group>";
		};
		F958ECB527E3997900211074 /* UIKitViews */ = {
			isa = PBXGroup;
			children = (
				F958ECB627E399A800211074 /* ActivityIndicatorView.swift */,
				F916F27B27E531E200B220C3 /* SearchBar.swift */,
			);
			path = UIKitViews;
			sourceTree = "<group>";
		};
/* End PBXGroup section */

/* Begin PBXNativeTarget section */
		F95510C927E0D46700A47476 /* SwiftUIMovieChallenge */ = {
			isa = PBXNativeTarget;
			buildConfigurationList = F95510D827E0D46800A47476 /* Build configuration list for PBXNativeTarget "SwiftUIMovieChallenge" */;
			buildPhases = (
				F95510C627E0D46700A47476 /* Sources */,
				F95510C727E0D46700A47476 /* Frameworks */,
				F95510C827E0D46700A47476 /* Resources */,
			);
			buildRules = (
			);
			dependencies = (
			);
			name = SwiftUIMovieChallenge;
			productName = SwiftUIMovieChallenge;
			productReference = F95510CA27E0D46700A47476 /* SwiftUIMovieChallenge.app */;
			productType = "com.apple.product-type.application";
		};
/* End PBXNativeTarget section */

/* Begin PBXProject section */
		F95510C227E0D46700A47476 /* Project object */ = {
			isa = PBXProject;
			attributes = {
				BuildIndependentTargetsInParallel = 1;
				LastSwiftUpdateCheck = 1320;
				LastUpgradeCheck = 1320;
				TargetAttributes = {
					F95510C927E0D46700A47476 = {
						CreatedOnToolsVersion = 13.2;
					};
				};
			};
			buildConfigurationList = F95510C527E0D46700A47476 /* Build configuration list for PBXProject "SwiftUIMovieChallenge" */;
			compatibilityVersion = "Xcode 13.0";
			developmentRegion = en;
			hasScannedForEncodings = 0;
			knownRegions = (
				en,
				Base,
			);
			mainGroup = F95510C127E0D46700A47476;
			productRefGroup = F95510CB27E0D46700A47476 /* Products */;
			projectDirPath = "";
			projectRoot = "";
			targets = (
				F95510C927E0D46700A47476 /* SwiftUIMovieChallenge */,
			);
		};
/* End PBXProject section */

/* Begin PBXResourcesBuildPhase section */
		F95510C827E0D46700A47476 /* Resources */ = {
			isa = PBXResourcesBuildPhase;
			buildActionMask = 2147483647;
			files = (
				F95510D527E0D46800A47476 /* Preview Assets.xcassets in Resources */,
				F95510EB27E122B700A47476 /* movie_info.json in Resources */,
				F95510E927E122B700A47476 /* movie_list.json in Resources */,
				F95510EA27E122B700A47476 /* search_movie.json in Resources */,
				F95510D227E0D46800A47476 /* Assets.xcassets in Resources */,
			);
			runOnlyForDeploymentPostprocessing = 0;
		};
/* End PBXResourcesBuildPhase section */

/* Begin PBXSourcesBuildPhase section */
		F95510C627E0D46700A47476 /* Sources */ = {
			isa = PBXSourcesBuildPhase;
			buildActionMask = 2147483647;
			files = (
				F95510F027E12D5000A47476 /* MovieCards.swift in Sources */,
				F982F09827E233EC0039CEA4 /* MoviePosterCard.swift in Sources */,
				F916F27827E4D94D00B220C3 /* MovieDetailViewTest.swift in Sources */,
				F95510D027E0D46700A47476 /* ContentView.swift in Sources */,
				F95510CE27E0D46700A47476 /* SwiftUIMovieChallengeApp.swift in Sources */,
				F95510E027E0DCFB00A47476 /* MovieService.swift in Sources */,
				F958ECB927E39A2F00211074 /* LoadingView.swift in Sources */,
				F958ECB727E399A800211074 /* ActivityIndicatorView.swift in Sources */,
				F958ECB427E393A700211074 /* MovieListState.swift in Sources */,
				F95510ED27E1230600A47476 /* Movie+Stub.swift in Sources */,
				F95510F327E12E7C00A47476 /* ImageLoader.swift in Sources */,
				F916F27A27E5316A00B220C3 /* MovieSearchState.swift in Sources */,
				F958ECC127E3A19C00211074 /* MovieDetailState.swift in Sources */,
				F916F27C27E531E200B220C3 /* SearchBar.swift in Sources */,
				F916F27E27E532A100B220C3 /* MovieSearchView.swift in Sources */,
				F92E0A5B27E6401900DD600B /* ProgressBarTest.swift in Sources */,
				F95510DD27E0D69200A47476 /* Movie.swift in Sources */,
				F982F09A27E23FBD0039CEA4 /* MoviePosterCarouselView.swift in Sources */,
				F958ECB227E3937100211074 /* MovieListView.swift in Sources */,
				F95510E227E0E23400A47476 /* MovieStore.swift in Sources */,
				F95510E427E0E5DD00A47476 /* Utils.swift in Sources */,
			);
			runOnlyForDeploymentPostprocessing = 0;
		};
/* End PBXSourcesBuildPhase section */

/* Begin XCBuildConfiguration section */
		F95510D627E0D46800A47476 /* Debug */ = {
			isa = XCBuildConfiguration;
			buildSettings = {
				ALWAYS_SEARCH_USER_PATHS = NO;
				CLANG_ANALYZER_NONNULL = YES;
				CLANG_ANALYZER_NUMBER_OBJECT_CONVERSION = YES_AGGRESSIVE;
				CLANG_CXX_LANGUAGE_STANDARD = "gnu++17";
				CLANG_CXX_LIBRARY = "libc++";
				CLANG_ENABLE_MODULES = YES;
				CLANG_ENABLE_OBJC_ARC = YES;
				CLANG_ENABLE_OBJC_WEAK = YES;
				CLANG_WARN_BLOCK_CAPTURE_AUTORELEASING = YES;
				CLANG_WARN_BOOL_CONVERSION = YES;
				CLANG_WARN_COMMA = YES;
				CLANG_WARN_CONSTANT_CONVERSION = YES;
				CLANG_WARN_DEPRECATED_OBJC_IMPLEMENTATIONS = YES;
				CLANG_WARN_DIRECT_OBJC_ISA_USAGE = YES_ERROR;
				CLANG_WARN_DOCUMENTATION_COMMENTS = YES;
				CLANG_WARN_EMPTY_BODY = YES;
				CLANG_WARN_ENUM_CONVERSION = YES;
				CLANG_WARN_INFINITE_RECURSION = YES;
				CLANG_WARN_INT_CONVERSION = YES;
				CLANG_WARN_NON_LITERAL_NULL_CONVERSION = YES;
				CLANG_WARN_OBJC_IMPLICIT_RETAIN_SELF = YES;
				CLANG_WARN_OBJC_LITERAL_CONVERSION = YES;
				CLANG_WARN_OBJC_ROOT_CLASS = YES_ERROR;
				CLANG_WARN_QUOTED_INCLUDE_IN_FRAMEWORK_HEADER = YES;
				CLANG_WARN_RANGE_LOOP_ANALYSIS = YES;
				CLANG_WARN_STRICT_PROTOTYPES = YES;
				CLANG_WARN_SUSPICIOUS_MOVE = YES;
				CLANG_WARN_UNGUARDED_AVAILABILITY = YES_AGGRESSIVE;
				CLANG_WARN_UNREACHABLE_CODE = YES;
				CLANG_WARN__DUPLICATE_METHOD_MATCH = YES;
				COPY_PHASE_STRIP = NO;
				DEBUG_INFORMATION_FORMAT = dwarf;
				ENABLE_STRICT_OBJC_MSGSEND = YES;
				ENABLE_TESTABILITY = YES;
				GCC_C_LANGUAGE_STANDARD = gnu11;
				GCC_DYNAMIC_NO_PIC = NO;
				GCC_NO_COMMON_BLOCKS = YES;
				GCC_OPTIMIZATION_LEVEL = 0;
				GCC_PREPROCESSOR_DEFINITIONS = (
					"DEBUG=1",
					"$(inherited)",
				);
				GCC_WARN_64_TO_32_BIT_CONVERSION = YES;
				GCC_WARN_ABOUT_RETURN_TYPE = YES_ERROR;
				GCC_WARN_UNDECLARED_SELECTOR = YES;
				GCC_WARN_UNINITIALIZED_AUTOS = YES_AGGRESSIVE;
				GCC_WARN_UNUSED_FUNCTION = YES;
				GCC_WARN_UNUSED_VARIABLE = YES;
				IPHONEOS_DEPLOYMENT_TARGET = 15.2;
				MTL_ENABLE_DEBUG_INFO = INCLUDE_SOURCE;
				MTL_FAST_MATH = YES;
				ONLY_ACTIVE_ARCH = YES;
				SDKROOT = iphoneos;
				SWIFT_ACTIVE_COMPILATION_CONDITIONS = DEBUG;
				SWIFT_OPTIMIZATION_LEVEL = "-Onone";
			};
			name = Debug;
		};
		F95510D727E0D46800A47476 /* Release */ = {
			isa = XCBuildConfiguration;
			buildSettings = {
				ALWAYS_SEARCH_USER_PATHS = NO;
				CLANG_ANALYZER_NONNULL = YES;
				CLANG_ANALYZER_NUMBER_OBJECT_CONVERSION = YES_AGGRESSIVE;
				CLANG_CXX_LANGUAGE_STANDARD = "gnu++17";
				CLANG_CXX_LIBRARY = "libc++";
				CLANG_ENABLE_MODULES = YES;
				CLANG_ENABLE_OBJC_ARC = YES;
				CLANG_ENABLE_OBJC_WEAK = YES;
				CLANG_WARN_BLOCK_CAPTURE_AUTORELEASING = YES;
				CLANG_WARN_BOOL_CONVERSION = YES;
				CLANG_WARN_COMMA = YES;
				CLANG_WARN_CONSTANT_CONVERSION = YES;
				CLANG_WARN_DEPRECATED_OBJC_IMPLEMENTATIONS = YES;
				CLANG_WARN_DIRECT_OBJC_ISA_USAGE = YES_ERROR;
				CLANG_WARN_DOCUMENTATION_COMMENTS = YES;
				CLANG_WARN_EMPTY_BODY = YES;
				CLANG_WARN_ENUM_CONVERSION = YES;
				CLANG_WARN_INFINITE_RECURSION = YES;
				CLANG_WARN_INT_CONVERSION = YES;
				CLANG_WARN_NON_LITERAL_NULL_CONVERSION = YES;
				CLANG_WARN_OBJC_IMPLICIT_RETAIN_SELF = YES;
				CLANG_WARN_OBJC_LITERAL_CONVERSION = YES;
				CLANG_WARN_OBJC_ROOT_CLASS = YES_ERROR;
				CLANG_WARN_QUOTED_INCLUDE_IN_FRAMEWORK_HEADER = YES;
				CLANG_WARN_RANGE_LOOP_ANALYSIS = YES;
				CLANG_WARN_STRICT_PROTOTYPES = YES;
				CLANG_WARN_SUSPICIOUS_MOVE = YES;
				CLANG_WARN_UNGUARDED_AVAILABILITY = YES_AGGRESSIVE;
				CLANG_WARN_UNREACHABLE_CODE = YES;
				CLANG_WARN__DUPLICATE_METHOD_MATCH = YES;
				COPY_PHASE_STRIP = NO;
				DEBUG_INFORMATION_FORMAT = "dwarf-with-dsym";
				ENABLE_NS_ASSERTIONS = NO;
				ENABLE_STRICT_OBJC_MSGSEND = YES;
				GCC_C_LANGUAGE_STANDARD = gnu11;
				GCC_NO_COMMON_BLOCKS = YES;
				GCC_WARN_64_TO_32_BIT_CONVERSION = YES;
				GCC_WARN_ABOUT_RETURN_TYPE = YES_ERROR;
				GCC_WARN_UNDECLARED_SELECTOR = YES;
				GCC_WARN_UNINITIALIZED_AUTOS = YES_AGGRESSIVE;
				GCC_WARN_UNUSED_FUNCTION = YES;
				GCC_WARN_UNUSED_VARIABLE = YES;
				IPHONEOS_DEPLOYMENT_TARGET = 15.2;
				MTL_ENABLE_DEBUG_INFO = NO;
				MTL_FAST_MATH = YES;
				SDKROOT = iphoneos;
				SWIFT_COMPILATION_MODE = wholemodule;
				SWIFT_OPTIMIZATION_LEVEL = "-O";
				VALIDATE_PRODUCT = YES;
			};
			name = Release;
		};
		F95510D927E0D46800A47476 /* Debug */ = {
			isa = XCBuildConfiguration;
			buildSettings = {
				ASSETCATALOG_COMPILER_APPICON_NAME = AppIcon;
				ASSETCATALOG_COMPILER_GLOBAL_ACCENT_COLOR_NAME = AccentColor;
				CODE_SIGN_STYLE = Automatic;
				CURRENT_PROJECT_VERSION = 1;
				DEVELOPMENT_ASSET_PATHS = "\"SwiftUIMovieChallenge/Preview Content\"";
				DEVELOPMENT_TEAM = W6C3W6NZ55;
				ENABLE_PREVIEWS = YES;
				GENERATE_INFOPLIST_FILE = YES;
				INFOPLIST_KEY_UIApplicationSceneManifest_Generation = YES;
				INFOPLIST_KEY_UIApplicationSupportsIndirectInputEvents = YES;
				INFOPLIST_KEY_UILaunchScreen_Generation = YES;
				INFOPLIST_KEY_UISupportedInterfaceOrientations_iPad = "UIInterfaceOrientationPortrait UIInterfaceOrientationPortraitUpsideDown UIInterfaceOrientationLandscapeLeft UIInterfaceOrientationLandscapeRight";
				INFOPLIST_KEY_UISupportedInterfaceOrientations_iPhone = "UIInterfaceOrientationPortrait UIInterfaceOrientationLandscapeLeft UIInterfaceOrientationLandscapeRight";
				LD_RUNPATH_SEARCH_PATHS = (
					"$(inherited)",
					"@executable_path/Frameworks",
				);
				MARKETING_VERSION = 1.0;
				PRODUCT_BUNDLE_IDENTIFIER = jesusmora.SwiftUIMovieChallenge;
				PRODUCT_NAME = "$(TARGET_NAME)";
				SWIFT_EMIT_LOC_STRINGS = YES;
				SWIFT_VERSION = 5.0;
				TARGETED_DEVICE_FAMILY = "1,2";
			};
			name = Debug;
		};
		F95510DA27E0D46800A47476 /* Release */ = {
			isa = XCBuildConfiguration;
			buildSettings = {
				ASSETCATALOG_COMPILER_APPICON_NAME = AppIcon;
				ASSETCATALOG_COMPILER_GLOBAL_ACCENT_COLOR_NAME = AccentColor;
				CODE_SIGN_STYLE = Automatic;
				CURRENT_PROJECT_VERSION = 1;
				DEVELOPMENT_ASSET_PATHS = "\"SwiftUIMovieChallenge/Preview Content\"";
				DEVELOPMENT_TEAM = W6C3W6NZ55;
				ENABLE_PREVIEWS = YES;
				GENERATE_INFOPLIST_FILE = YES;
				INFOPLIST_KEY_UIApplicationSceneManifest_Generation = YES;
				INFOPLIST_KEY_UIApplicationSupportsIndirectInputEvents = YES;
				INFOPLIST_KEY_UILaunchScreen_Generation = YES;
				INFOPLIST_KEY_UISupportedInterfaceOrientations_iPad = "UIInterfaceOrientationPortrait UIInterfaceOrientationPortraitUpsideDown UIInterfaceOrientationLandscapeLeft UIInterfaceOrientationLandscapeRight";
				INFOPLIST_KEY_UISupportedInterfaceOrientations_iPhone = "UIInterfaceOrientationPortrait UIInterfaceOrientationLandscapeLeft UIInterfaceOrientationLandscapeRight";
				LD_RUNPATH_SEARCH_PATHS = (
					"$(inherited)",
					"@executable_path/Frameworks",
				);
				MARKETING_VERSION = 1.0;
				PRODUCT_BUNDLE_IDENTIFIER = jesusmora.SwiftUIMovieChallenge;
				PRODUCT_NAME = "$(TARGET_NAME)";
				SWIFT_EMIT_LOC_STRINGS = YES;
				SWIFT_VERSION = 5.0;
				TARGETED_DEVICE_FAMILY = "1,2";
			};
			name = Release;
		};
/* End XCBuildConfiguration section */

/* Begin XCConfigurationList section */
		F95510C527E0D46700A47476 /* Build configuration list for PBXProject "SwiftUIMovieChallenge" */ = {
			isa = XCConfigurationList;
			buildConfigurations = (
				F95510D627E0D46800A47476 /* Debug */,
				F95510D727E0D46800A47476 /* Release */,
			);
			defaultConfigurationIsVisible = 0;
			defaultConfigurationName = Release;
		};
		F95510D827E0D46800A47476 /* Build configuration list for PBXNativeTarget "SwiftUIMovieChallenge" */ = {
			isa = XCConfigurationList;
			buildConfigurations = (
				F95510D927E0D46800A47476 /* Debug */,
				F95510DA27E0D46800A47476 /* Release */,
			);
			defaultConfigurationIsVisible = 0;
			defaultConfigurationName = Release;
		};
/* End XCConfigurationList section */
	};
	rootObject = F95510C227E0D46700A47476 /* Project object */;
}
